
Microsoft Visual Studio Solution File, Format Version 12.00
# Visual Studio Version 17
VisualStudioVersion = 17.2.32602.215
MinimumVisualStudioVersion = 10.0.40219.1
Project("{FAE04EC0-301F-11D3-BF4B-00C04F79EFBC}") = "MvcOnlineTicariOtomasyon", "MvcOnlineTicariOtomasyon\MvcOnlineTicariOtomasyon.csproj", "{D6ED03BE-9F8E-4082-AB1C-2F78B64DA3B2}"
EndProject
Global
	GlobalSection(SolutionConfigurationPlatforms) = preSolution
		Debug|Any CPU = Debug|Any CPU
		Release|Any CPU = Release|Any CPU
	EndGlobalSection
	GlobalSection(ProjectConfigurationPlatforms) = postSolution
		{D6ED03BE-9F8E-4082-AB1C-2F78B64DA3B2}.Debug|Any CPU.ActiveCfg = Debug|Any CPU
		{D6ED03BE-9F8E-4082-AB1C-2F78B64DA3B2}.Debug|Any CPU.Build.0 = Debug|Any CPU
		{D6ED03BE-9F8E-4082-AB1C-2F78B64DA3B2}.Release|Any CPU.ActiveCfg = Release|Any CPU
		{D6ED03BE-9F8E-4082-AB1C-2F78B64DA3B2}.Release|Any CPU.Build.0 = Release|Any CPU
	EndGlobalSection
	GlobalSection(SolutionProperties) = preSolution
		HideSolutionNode = FALSE
	EndGlobalSection
	GlobalSection(ExtensibilityGlobals) = postSolution
		SolutionGuid = {0EE6B9AE-D9CD-48BE-BC40-76F83716E903}
	EndGlobalSection
EndGlobal
